
Microsoft Visual Studio Solution File, Format Version 12.00
# Visual Studio Version 16
VisualStudioVersion = 16.0.30114.105
MinimumVisualStudioVersion = 10.0.40219.1
Project("{FAE04EC0-301F-11D3-BF4B-00C04F79EFBC}") = "TestDB", "TestDB\TestDB.csproj", "{B9F6D257-629B-46AB-88B8-44067E5C43F4}"
EndProject
Project("{FAE04EC0-301F-11D3-BF4B-00C04F79EFBC}") = "TestDB.BusinessLogic", "BusinessLogic\TestDB.BusinessLogic.csproj", "{947E8385-C577-40BA-8C0C-A1EB5BE5D207}"
EndProject
Project("{FAE04EC0-301F-11D3-BF4B-00C04F79EFBC}") = "TestDB.Interfaz", "Interfaz\TestDB.Interfaz.csproj", "{0D8685DB-FFF8-4386-BEB2-E9395AD35637}"
EndProject
Project("{FAE04EC0-301F-11D3-BF4B-00C04F79EFBC}") = "TestDB.Database", "Database\TestDB.Database.csproj", "{4EF482D6-9FED-4C39-98CE-2B8E7641294A}"
EndProject
Global
	GlobalSection(SolutionConfigurationPlatforms) = preSolution
		Debug|Any CPU = Debug|Any CPU
		Release|Any CPU = Release|Any CPU
	EndGlobalSection
	GlobalSection(ProjectConfigurationPlatforms) = postSolution
		{B9F6D257-629B-46AB-88B8-44067E5C43F4}.Debug|Any CPU.ActiveCfg = Debug|Any CPU
		{B9F6D257-629B-46AB-88B8-44067E5C43F4}.Debug|Any CPU.Build.0 = Debug|Any CPU
		{B9F6D257-629B-46AB-88B8-44067E5C43F4}.Release|Any CPU.ActiveCfg = Release|Any CPU
		{B9F6D257-629B-46AB-88B8-44067E5C43F4}.Release|Any CPU.Build.0 = Release|Any CPU
		{947E8385-C577-40BA-8C0C-A1EB5BE5D207}.Debug|Any CPU.ActiveCfg = Debug|Any CPU
		{947E8385-C577-40BA-8C0C-A1EB5BE5D207}.Debug|Any CPU.Build.0 = Debug|Any CPU
		{947E8385-C577-40BA-8C0C-A1EB5BE5D207}.Release|Any CPU.ActiveCfg = Release|Any CPU
		{947E8385-C577-40BA-8C0C-A1EB5BE5D207}.Release|Any CPU.Build.0 = Release|Any CPU
		{0D8685DB-FFF8-4386-BEB2-E9395AD35637}.Debug|Any CPU.ActiveCfg = Debug|Any CPU
		{0D8685DB-FFF8-4386-BEB2-E9395AD35637}.Debug|Any CPU.Build.0 = Debug|Any CPU
		{0D8685DB-FFF8-4386-BEB2-E9395AD35637}.Release|Any CPU.ActiveCfg = Release|Any CPU
		{0D8685DB-FFF8-4386-BEB2-E9395AD35637}.Release|Any CPU.Build.0 = Release|Any CPU
		{4EF482D6-9FED-4C39-98CE-2B8E7641294A}.Debug|Any CPU.ActiveCfg = Debug|Any CPU
		{4EF482D6-9FED-4C39-98CE-2B8E7641294A}.Debug|Any CPU.Build.0 = Debug|Any CPU
		{4EF482D6-9FED-4C39-98CE-2B8E7641294A}.Release|Any CPU.ActiveCfg = Release|Any CPU
		{4EF482D6-9FED-4C39-98CE-2B8E7641294A}.Release|Any CPU.Build.0 = Release|Any CPU
	EndGlobalSection
	GlobalSection(SolutionProperties) = preSolution
		HideSolutionNode = FALSE
	EndGlobalSection
	GlobalSection(ExtensibilityGlobals) = postSolution
		SolutionGuid = {2AA7CEC0-8298-466A-AD21-2A4B56DA13CE}
	EndGlobalSection
EndGlobal
